
Microsoft Visual Studio Solution File, Format Version 12.00
Project("{FAE04EC0-301F-11D3-BF4B-00C04F79EFBC}") = "LintingResults", "LintingResults\LintingResults.csproj", "{0B42E268-658F-4CE0-AED2-E40B1DDB3FF4}"
EndProject
Global
	GlobalSection(SolutionConfigurationPlatforms) = preSolution
		Debug|Any CPU = Debug|Any CPU
		Release|Any CPU = Release|Any CPU
	EndGlobalSection
	GlobalSection(ProjectConfigurationPlatforms) = postSolution
		{0B42E268-658F-4CE0-AED2-E40B1DDB3FF4}.Debug|Any CPU.ActiveCfg = Debug|Any CPU
		{0B42E268-658F-4CE0-AED2-E40B1DDB3FF4}.Debug|Any CPU.Build.0 = Debug|Any CPU
		{0B42E268-658F-4CE0-AED2-E40B1DDB3FF4}.Release|Any CPU.ActiveCfg = Release|Any CPU
		{0B42E268-658F-4CE0-AED2-E40B1DDB3FF4}.Release|Any CPU.Build.0 = Release|Any CPU
	EndGlobalSection
EndGlobal
